// !$*UTF8*$!
{
	archiveVersion = 1;
	classes = {
	};
	objectVersion = 56;
	objects = {

/* Begin PBXBuildFile section */
		E96A76DE2A94192000C2EF37 /* AppDelegate.swift in Sources */ = {isa = PBXBuildFile; fileRef = E96A76DD2A94192000C2EF37 /* AppDelegate.swift */; };
		E96A76E02A94192000C2EF37 /* SceneDelegate.swift in Sources */ = {isa = PBXBuildFile; fileRef = E96A76DF2A94192000C2EF37 /* SceneDelegate.swift */; };
		E96A76E22A94192000C2EF37 /* ViewController.swift in Sources */ = {isa = PBXBuildFile; fileRef = E96A76E12A94192000C2EF37 /* ViewController.swift */; };
		E96A76E52A94192000C2EF37 /* Main.storyboard in Resources */ = {isa = PBXBuildFile; fileRef = E96A76E32A94192000C2EF37 /* Main.storyboard */; };
		E96A76E72A94192100C2EF37 /* Assets.xcassets in Resources */ = {isa = PBXBuildFile; fileRef = E96A76E62A94192100C2EF37 /* Assets.xcassets */; };
		E96A76EA2A94192100C2EF37 /* LaunchScreen.storyboard in Resources */ = {isa = PBXBuildFile; fileRef = E96A76E82A94192100C2EF37 /* LaunchScreen.storyboard */; };
		E96A76F22A94197400C2EF37 /* CatsResponse.swift in Sources */ = {isa = PBXBuildFile; fileRef = E96A76F12A94197400C2EF37 /* CatsResponse.swift */; };
		E96A76F42A94199500C2EF37 /* CatsService.swift in Sources */ = {isa = PBXBuildFile; fileRef = E96A76F32A94199500C2EF37 /* CatsService.swift */; };
		E96A76F62A9419CB00C2EF37 /* CatsViewModel.swift in Sources */ = {isa = PBXBuildFile; fileRef = E96A76F52A9419CB00C2EF37 /* CatsViewModel.swift */; };
		E96A76F82A941A2E00C2EF37 /* ContentView.swift in Sources */ = {isa = PBXBuildFile; fileRef = E96A76F72A941A2E00C2EF37 /* ContentView.swift */; };
		E98DF82F2A95519A00A18970 /* AsyncState.swift in Sources */ = {isa = PBXBuildFile; fileRef = E98DF82E2A95519A00A18970 /* AsyncState.swift */; };
/* End PBXBuildFile section */

/* Begin PBXFileReference section */
		E96A76DA2A94192000C2EF37 /* CatsDataAPP.app */ = {isa = PBXFileReference; explicitFileType = wrapper.application; includeInIndex = 0; path = CatsDataAPP.app; sourceTree = BUILT_PRODUCTS_DIR; };
		E96A76DD2A94192000C2EF37 /* AppDelegate.swift */ = {isa = PBXFileReference; lastKnownFileType = sourcecode.swift; path = AppDelegate.swift; sourceTree = "<group>"; };
		E96A76DF2A94192000C2EF37 /* SceneDelegate.swift */ = {isa = PBXFileReference; lastKnownFileType = sourcecode.swift; path = SceneDelegate.swift; sourceTree = "<group>"; };
		E96A76E12A94192000C2EF37 /* ViewController.swift */ = {isa = PBXFileReference; lastKnownFileType = sourcecode.swift; path = ViewController.swift; sourceTree = "<group>"; };
		E96A76E42A94192000C2EF37 /* Base */ = {isa = PBXFileReference; lastKnownFileType = file.storyboard; name = Base; path = Base.lproj/Main.storyboard; sourceTree = "<group>"; };
		E96A76E62A94192100C2EF37 /* Assets.xcassets */ = {isa = PBXFileReference; lastKnownFileType = folder.assetcatalog; path = Assets.xcassets; sourceTree = "<group>"; };
		E96A76E92A94192100C2EF37 /* Base */ = {isa = PBXFileReference; lastKnownFileType = file.storyboard; name = Base; path = Base.lproj/LaunchScreen.storyboard; sourceTree = "<group>"; };
		E96A76EB2A94192100C2EF37 /* Info.plist */ = {isa = PBXFileReference; lastKnownFileType = text.plist.xml; path = Info.plist; sourceTree = "<group>"; };
		E96A76F12A94197400C2EF37 /* CatsResponse.swift */ = {isa = PBXFileReference; lastKnownFileType = sourcecode.swift; path = CatsResponse.swift; sourceTree = "<group>"; };
		E96A76F32A94199500C2EF37 /* CatsService.swift */ = {isa = PBXFileReference; lastKnownFileType = sourcecode.swift; path = CatsService.swift; sourceTree = "<group>"; };
		E96A76F52A9419CB00C2EF37 /* CatsViewModel.swift */ = {isa = PBXFileReference; lastKnownFileType = sourcecode.swift; path = CatsViewModel.swift; sourceTree = "<group>"; };
		E96A76F72A941A2E00C2EF37 /* ContentView.swift */ = {isa = PBXFileReference; fileEncoding = 4; lastKnownFileType = sourcecode.swift; path = ContentView.swift; sourceTree = "<group>"; };
		E98DF82E2A95519A00A18970 /* AsyncState.swift */ = {isa = PBXFileReference; fileEncoding = 4; lastKnownFileType = sourcecode.swift; path = AsyncState.swift; sourceTree = "<group>"; };
/* End PBXFileReference section */

/* Begin PBXFrameworksBuildPhase section */
		E96A76D72A94192000C2EF37 /* Frameworks */ = {
			isa = PBXFrameworksBuildPhase;
			buildActionMask = 2147483647;
			files = (
			);
			runOnlyForDeploymentPostprocessing = 0;
		};
/* End PBXFrameworksBuildPhase section */

/* Begin PBXGroup section */
		E96A76D12A94192000C2EF37 = {
			isa = PBXGroup;
			children = (
				E96A76DC2A94192000C2EF37 /* CatsDataAPP */,
				E96A76DB2A94192000C2EF37 /* Products */,
			);
			sourceTree = "<group>";
		};
		E96A76DB2A94192000C2EF37 /* Products */ = {
			isa = PBXGroup;
			children = (
				E96A76DA2A94192000C2EF37 /* CatsDataAPP.app */,
			);
			name = Products;
			sourceTree = "<group>";
		};
		E96A76DC2A94192000C2EF37 /* CatsDataAPP */ = {
			isa = PBXGroup;
			children = (
				E96A76DD2A94192000C2EF37 /* AppDelegate.swift */,
				E96A76DF2A94192000C2EF37 /* SceneDelegate.swift */,
				E96A76E12A94192000C2EF37 /* ViewController.swift */,
				E96A76E32A94192000C2EF37 /* Main.storyboard */,
				E96A76E62A94192100C2EF37 /* Assets.xcassets */,
				E96A76E82A94192100C2EF37 /* LaunchScreen.storyboard */,
				E96A76EB2A94192100C2EF37 /* Info.plist */,
				E96A76F12A94197400C2EF37 /* CatsResponse.swift */,
				E96A76F32A94199500C2EF37 /* CatsService.swift */,
				E96A76F52A9419CB00C2EF37 /* CatsViewModel.swift */,
				E96A76F72A941A2E00C2EF37 /* ContentView.swift */,
				E98DF82E2A95519A00A18970 /* AsyncState.swift */,
			);
			path = CatsDataAPP;
			sourceTree = "<group>";
		};
/* End PBXGroup section */

/* Begin PBXNativeTarget section */
		E96A76D92A94192000C2EF37 /* CatsDataAPP */ = {
			isa = PBXNativeTarget;
			buildConfigurationList = E96A76EE2A94192100C2EF37 /* Build configuration list for PBXNativeTarget "CatsDataAPP" */;
			buildPhases = (
				E96A76D62A94192000C2EF37 /* Sources */,
				E96A76D72A94192000C2EF37 /* Frameworks */,
				E96A76D82A94192000C2EF37 /* Resources */,
			);
			buildRules = (
			);
			dependencies = (
			);
			name = CatsDataAPP;
			productName = CatsDataAPP;
			productReference = E96A76DA2A94192000C2EF37 /* CatsDataAPP.app */;
			productType = "com.apple.product-type.application";
		};
/* End PBXNativeTarget section */

/* Begin PBXProject section */
		E96A76D22A94192000C2EF37 /* Project object */ = {
			isa = PBXProject;
			attributes = {
				BuildIndependentTargetsInParallel = 1;
				LastSwiftUpdateCheck = 1430;
				LastUpgradeCheck = 1430;
				TargetAttributes = {
					E96A76D92A94192000C2EF37 = {
						CreatedOnToolsVersion = 14.3.1;
					};
				};
			};
			buildConfigurationList = E96A76D52A94192000C2EF37 /* Build configuration list for PBXProject "CatsDataAPP" */;
			compatibilityVersion = "Xcode 14.0";
			developmentRegion = en;
			hasScannedForEncodings = 0;
			knownRegions = (
				en,
				Base,
			);
			mainGroup = E96A76D12A94192000C2EF37;
			productRefGroup = E96A76DB2A94192000C2EF37 /* Products */;
			projectDirPath = "";
			projectRoot = "";
			targets = (
				E96A76D92A94192000C2EF37 /* CatsDataAPP */,
			);
		};
/* End PBXProject section */

/* Begin PBXResourcesBuildPhase section */
		E96A76D82A94192000C2EF37 /* Resources */ = {
			isa = PBXResourcesBuildPhase;
			buildActionMask = 2147483647;
			files = (
				E96A76EA2A94192100C2EF37 /* LaunchScreen.storyboard in Resources */,
				E96A76E72A94192100C2EF37 /* Assets.xcassets in Resources */,
				E96A76E52A94192000C2EF37 /* Main.storyboard in Resources */,
			);
			runOnlyForDeploymentPostprocessing = 0;
		};
/* End PBXResourcesBuildPhase section */

/* Begin PBXSourcesBuildPhase section */
		E96A76D62A94192000C2EF37 /* Sources */ = {
			isa = PBXSourcesBuildPhase;
			buildActionMask = 2147483647;
			files = (
				E96A76E22A94192000C2EF37 /* ViewController.swift in Sources */,
				E96A76DE2A94192000C2EF37 /* AppDelegate.swift in Sources */,
				E98DF82F2A95519A00A18970 /* AsyncState.swift in Sources */,
				E96A76F82A941A2E00C2EF37 /* ContentView.swift in Sources */,
				E96A76E02A94192000C2EF37 /* SceneDelegate.swift in Sources */,
				E96A76F22A94197400C2EF37 /* CatsResponse.swift in Sources */,
				E96A76F42A94199500C2EF37 /* CatsService.swift in Sources */,
				E96A76F62A9419CB00C2EF37 /* CatsViewModel.swift in Sources */,
			);
			runOnlyForDeploymentPostprocessing = 0;
		};
/* End PBXSourcesBuildPhase section */

/* Begin PBXVariantGroup section */
		E96A76E32A94192000C2EF37 /* Main.storyboard */ = {
			isa = PBXVariantGroup;
			children = (
				E96A76E42A94192000C2EF37 /* Base */,
			);
			name = Main.storyboard;
			sourceTree = "<group>";
		};
		E96A76E82A94192100C2EF37 /* LaunchScreen.storyboard */ = {
			isa = PBXVariantGroup;
			children = (
				E96A76E92A94192100C2EF37 /* Base */,
			);
			name = LaunchScreen.storyboard;
			sourceTree = "<group>";
		};
/* End PBXVariantGroup section */

/* Begin XCBuildConfiguration section */
		E96A76EC2A94192100C2EF37 /* Debug */ = {
			isa = XCBuildConfiguration;
			buildSettings = {
				ALWAYS_SEARCH_USER_PATHS = NO;
				CLANG_ANALYZER_NONNULL = YES;
				CLANG_ANALYZER_NUMBER_OBJECT_CONVERSION = YES_AGGRESSIVE;
				CLANG_CXX_LANGUAGE_STANDARD = "gnu++20";
				CLANG_ENABLE_MODULES = YES;
				CLANG_ENABLE_OBJC_ARC = YES;
				CLANG_ENABLE_OBJC_WEAK = YES;
				CLANG_WARN_BLOCK_CAPTURE_AUTORELEASING = YES;
				CLANG_WARN_BOOL_CONVERSION = YES;
				CLANG_WARN_COMMA = YES;
				CLANG_WARN_CONSTANT_CONVERSION = YES;
				CLANG_WARN_DEPRECATED_OBJC_IMPLEMENTATIONS = YES;
				CLANG_WARN_DIRECT_OBJC_ISA_USAGE = YES_ERROR;
				CLANG_WARN_DOCUMENTATION_COMMENTS = YES;
				CLANG_WARN_EMPTY_BODY = YES;
				CLANG_WARN_ENUM_CONVERSION = YES;
				CLANG_WARN_INFINITE_RECURSION = YES;
				CLANG_WARN_INT_CONVERSION = YES;
				CLANG_WARN_NON_LITERAL_NULL_CONVERSION = YES;
				CLANG_WARN_OBJC_IMPLICIT_RETAIN_SELF = YES;
				CLANG_WARN_OBJC_LITERAL_CONVERSION = YES;
				CLANG_WARN_OBJC_ROOT_CLASS = YES_ERROR;
				CLANG_WARN_QUOTED_INCLUDE_IN_FRAMEWORK_HEADER = YES;
				CLANG_WARN_RANGE_LOOP_ANALYSIS = YES;
				CLANG_WARN_STRICT_PROTOTYPES = YES;
				CLANG_WARN_SUSPICIOUS_MOVE = YES;
				CLANG_WARN_UNGUARDED_AVAILABILITY = YES_AGGRESSIVE;
				CLANG_WARN_UNREACHABLE_CODE = YES;
				CLANG_WARN__DUPLICATE_METHOD_MATCH = YES;
				COPY_PHASE_STRIP = NO;
				DEBUG_INFORMATION_FORMAT = dwarf;
				ENABLE_STRICT_OBJC_MSGSEND = YES;
				ENABLE_TESTABILITY = YES;
				GCC_C_LANGUAGE_STANDARD = gnu11;
				GCC_DYNAMIC_NO_PIC = NO;
				GCC_NO_COMMON_BLOCKS = YES;
				GCC_OPTIMIZATION_LEVEL = 0;
				GCC_PREPROCESSOR_DEFINITIONS = (
					"DEBUG=1",
					"$(inherited)",
				);
				GCC_WARN_64_TO_32_BIT_CONVERSION = YES;
				GCC_WARN_ABOUT_RETURN_TYPE = YES_ERROR;
				GCC_WARN_UNDECLARED_SELECTOR = YES;
				GCC_WARN_UNINITIALIZED_AUTOS = YES_AGGRESSIVE;
				GCC_WARN_UNUSED_FUNCTION = YES;
				GCC_WARN_UNUSED_VARIABLE = YES;
				IPHONEOS_DEPLOYMENT_TARGET = 16.4;
				MTL_ENABLE_DEBUG_INFO = INCLUDE_SOURCE;
				MTL_FAST_MATH = YES;
				ONLY_ACTIVE_ARCH = YES;
				SDKROOT = iphoneos;
				SWIFT_ACTIVE_COMPILATION_CONDITIONS = DEBUG;
				SWIFT_OPTIMIZATION_LEVEL = "-Onone";
			};
			name = Debug;
		};
		E96A76ED2A94192100C2EF37 /* Release */ = {
			isa = XCBuildConfiguration;
			buildSettings = {
				ALWAYS_SEARCH_USER_PATHS = NO;
				CLANG_ANALYZER_NONNULL = YES;
				CLANG_ANALYZER_NUMBER_OBJECT_CONVERSION = YES_AGGRESSIVE;
				CLANG_CXX_LANGUAGE_STANDARD = "gnu++20";
				CLANG_ENABLE_MODULES = YES;
				CLANG_ENABLE_OBJC_ARC = YES;
				CLANG_ENABLE_OBJC_WEAK = YES;
				CLANG_WARN_BLOCK_CAPTURE_AUTORELEASING = YES;
				CLANG_WARN_BOOL_CONVERSION = YES;
				CLANG_WARN_COMMA = YES;
				CLANG_WARN_CONSTANT_CONVERSION = YES;
				CLANG_WARN_DEPRECATED_OBJC_IMPLEMENTATIONS = YES;
				CLANG_WARN_DIRECT_OBJC_ISA_USAGE = YES_ERROR;
				CLANG_WARN_DOCUMENTATION_COMMENTS = YES;
				CLANG_WARN_EMPTY_BODY = YES;
				CLANG_WARN_ENUM_CONVERSION = YES;
				CLANG_WARN_INFINITE_RECURSION = YES;
				CLANG_WARN_INT_CONVERSION = YES;
				CLANG_WARN_NON_LITERAL_NULL_CONVERSION = YES;
				CLANG_WARN_OBJC_IMPLICIT_RETAIN_SELF = YES;
				CLANG_WARN_OBJC_LITERAL_CONVERSION = YES;
				CLANG_WARN_OBJC_ROOT_CLASS = YES_ERROR;
				CLANG_WARN_QUOTED_INCLUDE_IN_FRAMEWORK_HEADER = YES;
				CLANG_WARN_RANGE_LOOP_ANALYSIS = YES;
				CLANG_WARN_STRICT_PROTOTYPES = YES;
				CLANG_WARN_SUSPICIOUS_MOVE = YES;
				CLANG_WARN_UNGUARDED_AVAILABILITY = YES_AGGRESSIVE;
				CLANG_WARN_UNREACHABLE_CODE = YES;
				CLANG_WARN__DUPLICATE_METHOD_MATCH = YES;
				COPY_PHASE_STRIP = NO;
				DEBUG_INFORMATION_FORMAT = "dwarf-with-dsym";
				ENABLE_NS_ASSERTIONS = NO;
				ENABLE_STRICT_OBJC_MSGSEND = YES;
				GCC_C_LANGUAGE_STANDARD = gnu11;
				GCC_NO_COMMON_BLOCKS = YES;
				GCC_WARN_64_TO_32_BIT_CONVERSION = YES;
				GCC_WARN_ABOUT_RETURN_TYPE = YES_ERROR;
				GCC_WARN_UNDECLARED_SELECTOR = YES;
				GCC_WARN_UNINITIALIZED_AUTOS = YES_AGGRESSIVE;
				GCC_WARN_UNUSED_FUNCTION = YES;
				GCC_WARN_UNUSED_VARIABLE = YES;
				IPHONEOS_DEPLOYMENT_TARGET = 16.4;
				MTL_ENABLE_DEBUG_INFO = NO;
				MTL_FAST_MATH = YES;
				SDKROOT = iphoneos;
				SWIFT_COMPILATION_MODE = wholemodule;
				SWIFT_OPTIMIZATION_LEVEL = "-O";
				VALIDATE_PRODUCT = YES;
			};
			name = Release;
		};
		E96A76EF2A94192100C2EF37 /* Debug */ = {
			isa = XCBuildConfiguration;
			buildSettings = {
				ASSETCATALOG_COMPILER_APPICON_NAME = AppIcon;
				ASSETCATALOG_COMPILER_GLOBAL_ACCENT_COLOR_NAME = AccentColor;
				CODE_SIGN_STYLE = Automatic;
				CURRENT_PROJECT_VERSION = 1;
				DEVELOPMENT_TEAM = G9Z86K3593;
				GENERATE_INFOPLIST_FILE = YES;
				INFOPLIST_FILE = CatsDataAPP/Info.plist;
				INFOPLIST_KEY_UIApplicationSupportsIndirectInputEvents = YES;
				INFOPLIST_KEY_UILaunchStoryboardName = LaunchScreen;
				INFOPLIST_KEY_UIMainStoryboardFile = Main;
				INFOPLIST_KEY_UISupportedInterfaceOrientations_iPad = "UIInterfaceOrientationPortrait UIInterfaceOrientationPortraitUpsideDown UIInterfaceOrientationLandscapeLeft UIInterfaceOrientationLandscapeRight";
				INFOPLIST_KEY_UISupportedInterfaceOrientations_iPhone = "UIInterfaceOrientationPortrait UIInterfaceOrientationLandscapeLeft UIInterfaceOrientationLandscapeRight";
				LD_RUNPATH_SEARCH_PATHS = (
					"$(inherited)",
					"@executable_path/Frameworks",
				);
				MARKETING_VERSION = 1.0;
				PRODUCT_BUNDLE_IDENTIFIER = "Syed-Raza.CatsDataAPP";
				PRODUCT_NAME = "$(TARGET_NAME)";
				SWIFT_EMIT_LOC_STRINGS = YES;
				SWIFT_VERSION = 5.0;
				TARGETED_DEVICE_FAMILY = "1,2";
			};
			name = Debug;
		};
		E96A76F02A94192100C2EF37 /* Release */ = {
			isa = XCBuildConfiguration;
			buildSettings = {
				ASSETCATALOG_COMPILER_APPICON_NAME = AppIcon;
				ASSETCATALOG_COMPILER_GLOBAL_ACCENT_COLOR_NAME = AccentColor;
				CODE_SIGN_STYLE = Automatic;
				CURRENT_PROJECT_VERSION = 1;
				DEVELOPMENT_TEAM = G9Z86K3593;
				GENERATE_INFOPLIST_FILE = YES;
				INFOPLIST_FILE = CatsDataAPP/Info.plist;
				INFOPLIST_KEY_UIApplicationSupportsIndirectInputEvents = YES;
				INFOPLIST_KEY_UILaunchStoryboardName = LaunchScreen;
				INFOPLIST_KEY_UIMainStoryboardFile = Main;
				INFOPLIST_KEY_UISupportedInterfaceOrientations_iPad = "UIInterfaceOrientationPortrait UIInterfaceOrientationPortraitUpsideDown UIInterfaceOrientationLandscapeLeft UIInterfaceOrientationLandscapeRight";
				INFOPLIST_KEY_UISupportedInterfaceOrientations_iPhone = "UIInterfaceOrientationPortrait UIInterfaceOrientationLandscapeLeft UIInterfaceOrientationLandscapeRight";
				LD_RUNPATH_SEARCH_PATHS = (
					"$(inherited)",
					"@executable_path/Frameworks",
				);
				MARKETING_VERSION = 1.0;
				PRODUCT_BUNDLE_IDENTIFIER = "Syed-Raza.CatsDataAPP";
				PRODUCT_NAME = "$(TARGET_NAME)";
				SWIFT_EMIT_LOC_STRINGS = YES;
				SWIFT_VERSION = 5.0;
				TARGETED_DEVICE_FAMILY = "1,2";
			};
			name = Release;
		};
/* End XCBuildConfiguration section */

/* Begin XCConfigurationList section */
		E96A76D52A94192000C2EF37 /* Build configuration list for PBXProject "CatsDataAPP" */ = {
			isa = XCConfigurationList;
			buildConfigurations = (
				E96A76EC2A94192100C2EF37 /* Debug */,
				E96A76ED2A94192100C2EF37 /* Release */,
			);
			defaultConfigurationIsVisible = 0;
			defaultConfigurationName = Release;
		};
		E96A76EE2A94192100C2EF37 /* Build configuration list for PBXNativeTarget "CatsDataAPP" */ = {
			isa = XCConfigurationList;
			buildConfigurations = (
				E96A76EF2A94192100C2EF37 /* Debug */,
				E96A76F02A94192100C2EF37 /* Release */,
			);
			defaultConfigurationIsVisible = 0;
			defaultConfigurationName = Release;
		};
/* End XCConfigurationList section */
	};
	rootObject = E96A76D22A94192000C2EF37 /* Project object */;
}
